
Microsoft Visual Studio Solution File, Format Version 12.00
# Visual Studio Version 16
VisualStudioVersion = 16.0.30225.117
MinimumVisualStudioVersion = 10.0.40219.1
Project("{FAE04EC0-301F-11D3-BF4B-00C04F79EFBC}") = "SEOTrack", "ScrapeFinal\SEOTrack.csproj", "{FB3C4DE1-B745-43DD-AAB9-727530CDBB9C}"
EndProject
Project("{FAE04EC0-301F-11D3-BF4B-00C04F79EFBC}") = "SEOTrack.Test", "FinalScrape.Test\SEOTrack.Test.csproj", "{11CDB868-A72D-4E59-8F81-4FDF036C5395}"
EndProject
Global
	GlobalSection(SolutionConfigurationPlatforms) = preSolution
		Debug|Any CPU = Debug|Any CPU
		Release|Any CPU = Release|Any CPU
	EndGlobalSection
	GlobalSection(ProjectConfigurationPlatforms) = postSolution
		{FB3C4DE1-B745-43DD-AAB9-727530CDBB9C}.Debug|Any CPU.ActiveCfg = Debug|Any CPU
		{FB3C4DE1-B745-43DD-AAB9-727530CDBB9C}.Debug|Any CPU.Build.0 = Debug|Any CPU
		{FB3C4DE1-B745-43DD-AAB9-727530CDBB9C}.Release|Any CPU.ActiveCfg = Release|Any CPU
		{FB3C4DE1-B745-43DD-AAB9-727530CDBB9C}.Release|Any CPU.Build.0 = Release|Any CPU
		{11CDB868-A72D-4E59-8F81-4FDF036C5395}.Debug|Any CPU.ActiveCfg = Debug|Any CPU
		{11CDB868-A72D-4E59-8F81-4FDF036C5395}.Debug|Any CPU.Build.0 = Debug|Any CPU
		{11CDB868-A72D-4E59-8F81-4FDF036C5395}.Release|Any CPU.ActiveCfg = Release|Any CPU
		{11CDB868-A72D-4E59-8F81-4FDF036C5395}.Release|Any CPU.Build.0 = Release|Any CPU
	EndGlobalSection
	GlobalSection(SolutionProperties) = preSolution
		HideSolutionNode = FALSE
	EndGlobalSection
	GlobalSection(ExtensibilityGlobals) = postSolution
		SolutionGuid = {7F99736F-34F1-433D-9BAC-8801B22C1A7E}
	EndGlobalSection
EndGlobal
